// !$*UTF8*$!
{
	archiveVersion = 1;
	classes = {
	};
	objectVersion = 46;
	objects = {

/* Begin PBXBuildFile section */
		4D59D5491C3C757D00058827 /* Dimensional.framework in Frameworks */ = {isa = PBXBuildFile; fileRef = 4D59D53E1C3C757D00058827 /* Dimensional.framework */; };
		4D59D54E1C3C757D00058827 /* DimensionalTests.swift in Sources */ = {isa = PBXBuildFile; fileRef = 4D59D54D1C3C757D00058827 /* DimensionalTests.swift */; };
		4D59D5591C3C75A100058827 /* Matrix.swift in Sources */ = {isa = PBXBuildFile; fileRef = 4D59D5581C3C75A100058827 /* Matrix.swift */; };
		4D8157C01C3CCF3B00228F7B /* ColumnView.swift in Sources */ = {isa = PBXBuildFile; fileRef = 4D8157BF1C3CCF3B00228F7B /* ColumnView.swift */; };
		4D8157C61C3D181A00228F7B /* NumericArithmeticType.swift in Sources */ = {isa = PBXBuildFile; fileRef = 4D8157C51C3D181A00228F7B /* NumericArithmeticType.swift */; };
		4DB2D57A1C3D3CA1005AA39B /* RowView.swift in Sources */ = {isa = PBXBuildFile; fileRef = 4DB2D5791C3D3CA1005AA39B /* RowView.swift */; };
		6B4D54FE1E15F0E900BF47C3 /* DimensionaliOS.h in Headers */ = {isa = PBXBuildFile; fileRef = 6B4D54FC1E15F0E900BF47C3 /* DimensionaliOS.h */; settings = {ATTRIBUTES = (Public, ); }; };
		6B4D55021E15F60900BF47C3 /* Matrix.swift in Sources */ = {isa = PBXBuildFile; fileRef = 4D59D5581C3C75A100058827 /* Matrix.swift */; };
		6B4D55031E15F60C00BF47C3 /* ColumnView.swift in Sources */ = {isa = PBXBuildFile; fileRef = 4D8157BF1C3CCF3B00228F7B /* ColumnView.swift */; };
		6B4D55041E15F61000BF47C3 /* RowView.swift in Sources */ = {isa = PBXBuildFile; fileRef = 4DB2D5791C3D3CA1005AA39B /* RowView.swift */; };
		6B4D55051E15F61300BF47C3 /* NumericArithmeticType.swift in Sources */ = {isa = PBXBuildFile; fileRef = 4D8157C51C3D181A00228F7B /* NumericArithmeticType.swift */; };
		6BED3EA21E39783200D396CF /* Vector.swift in Sources */ = {isa = PBXBuildFile; fileRef = 6BED3EA11E39783200D396CF /* Vector.swift */; };
		6BED3EA31E39783200D396CF /* Vector.swift in Sources */ = {isa = PBXBuildFile; fileRef = 6BED3EA11E39783200D396CF /* Vector.swift */; };
/* End PBXBuildFile section */

/* Begin PBXContainerItemProxy section */
		4D59D54A1C3C757D00058827 /* PBXContainerItemProxy */ = {
			isa = PBXContainerItemProxy;
			containerPortal = 4D59D5351C3C757D00058827 /* Project object */;
			proxyType = 1;
			remoteGlobalIDString = 4D59D53D1C3C757D00058827;
			remoteInfo = Dimensional;
		};
/* End PBXContainerItemProxy section */

/* Begin PBXFileReference section */
		4D59D53E1C3C757D00058827 /* Dimensional.framework */ = {isa = PBXFileReference; explicitFileType = wrapper.framework; includeInIndex = 0; path = Dimensional.framework; sourceTree = BUILT_PRODUCTS_DIR; };
		4D59D5431C3C757D00058827 /* Info.plist */ = {isa = PBXFileReference; lastKnownFileType = text.plist.xml; path = Info.plist; sourceTree = "<group>"; };
		4D59D5481C3C757D00058827 /* DimensionalTests.xctest */ = {isa = PBXFileReference; explicitFileType = wrapper.cfbundle; includeInIndex = 0; path = DimensionalTests.xctest; sourceTree = BUILT_PRODUCTS_DIR; };
		4D59D54D1C3C757D00058827 /* DimensionalTests.swift */ = {isa = PBXFileReference; lastKnownFileType = sourcecode.swift; path = DimensionalTests.swift; sourceTree = "<group>"; };
		4D59D54F1C3C757D00058827 /* Info.plist */ = {isa = PBXFileReference; lastKnownFileType = text.plist.xml; path = Info.plist; sourceTree = "<group>"; };
		4D59D5581C3C75A100058827 /* Matrix.swift */ = {isa = PBXFileReference; fileEncoding = 4; lastKnownFileType = sourcecode.swift; name = Matrix.swift; path = ../Sources/Matrix.swift; sourceTree = "<group>"; };
		4D8157BF1C3CCF3B00228F7B /* ColumnView.swift */ = {isa = PBXFileReference; fileEncoding = 4; lastKnownFileType = sourcecode.swift; name = ColumnView.swift; path = ../Sources/ColumnView.swift; sourceTree = "<group>"; };
		4D8157C51C3D181A00228F7B /* NumericArithmeticType.swift */ = {isa = PBXFileReference; fileEncoding = 4; lastKnownFileType = sourcecode.swift; name = NumericArithmeticType.swift; path = ../Sources/NumericArithmeticType.swift; sourceTree = "<group>"; };
		4DB2D5791C3D3CA1005AA39B /* RowView.swift */ = {isa = PBXFileReference; fileEncoding = 4; lastKnownFileType = sourcecode.swift; name = RowView.swift; path = ../Sources/RowView.swift; sourceTree = "<group>"; };
		6B4D54FA1E15F0E900BF47C3 /* DimensionaliOS.framework */ = {isa = PBXFileReference; explicitFileType = wrapper.framework; includeInIndex = 0; path = DimensionaliOS.framework; sourceTree = BUILT_PRODUCTS_DIR; };
		6B4D54FC1E15F0E900BF47C3 /* DimensionaliOS.h */ = {isa = PBXFileReference; lastKnownFileType = sourcecode.c.h; path = DimensionaliOS.h; sourceTree = "<group>"; };
		6B4D54FD1E15F0E900BF47C3 /* Info.plist */ = {isa = PBXFileReference; lastKnownFileType = text.plist.xml; path = Info.plist; sourceTree = "<group>"; };
		6BED3EA11E39783200D396CF /* Vector.swift */ = {isa = PBXFileReference; fileEncoding = 4; lastKnownFileType = sourcecode.swift; path = Vector.swift; sourceTree = "<group>"; };
/* End PBXFileReference section */

/* Begin PBXFrameworksBuildPhase section */
		4D59D53A1C3C757D00058827 /* Frameworks */ = {
			isa = PBXFrameworksBuildPhase;
			buildActionMask = 2147483647;
			files = (
			);
			runOnlyForDeploymentPostprocessing = 0;
		};
		4D59D5451C3C757D00058827 /* Frameworks */ = {
			isa = PBXFrameworksBuildPhase;
			buildActionMask = 2147483647;
			files = (
				4D59D5491C3C757D00058827 /* Dimensional.framework in Frameworks */,
			);
			runOnlyForDeploymentPostprocessing = 0;
		};
		6B4D54F61E15F0E900BF47C3 /* Frameworks */ = {
			isa = PBXFrameworksBuildPhase;
			buildActionMask = 2147483647;
			files = (
			);
			runOnlyForDeploymentPostprocessing = 0;
		};
/* End PBXFrameworksBuildPhase section */

/* Begin PBXGroup section */
		4D59D5341C3C757D00058827 = {
			isa = PBXGroup;
			children = (
				6BED3EA11E39783200D396CF /* Vector.swift */,
				4D59D5581C3C75A100058827 /* Matrix.swift */,
				4D59D53F1C3C757D00058827 /* Products */,
				4D8157BF1C3CCF3B00228F7B /* ColumnView.swift */,
				4DB2D5791C3D3CA1005AA39B /* RowView.swift */,
				4D8157C51C3D181A00228F7B /* NumericArithmeticType.swift */,
				4D59D5401C3C757D00058827 /* Dimensional */,
				4D59D54C1C3C757D00058827 /* DimensionalTests */,
				6B4D54FB1E15F0E900BF47C3 /* Dimensional-iOS */,
			);
			sourceTree = "<group>";
		};
		4D59D53F1C3C757D00058827 /* Products */ = {
			isa = PBXGroup;
			children = (
				4D59D53E1C3C757D00058827 /* Dimensional.framework */,
				4D59D5481C3C757D00058827 /* DimensionalTests.xctest */,
				6B4D54FA1E15F0E900BF47C3 /* DimensionaliOS.framework */,
			);
			name = Products;
			sourceTree = "<group>";
		};
		4D59D5401C3C757D00058827 /* Dimensional */ = {
			isa = PBXGroup;
			children = (
				4D59D5431C3C757D00058827 /* Info.plist */,
			);
			path = Dimensional;
			sourceTree = "<group>";
		};
		4D59D54C1C3C757D00058827 /* DimensionalTests */ = {
			isa = PBXGroup;
			children = (
				4D59D54D1C3C757D00058827 /* DimensionalTests.swift */,
				4D59D54F1C3C757D00058827 /* Info.plist */,
			);
			path = DimensionalTests;
			sourceTree = "<group>";
		};
		6B4D54FB1E15F0E900BF47C3 /* Dimensional-iOS */ = {
			isa = PBXGroup;
			children = (
				6B4D54FC1E15F0E900BF47C3 /* DimensionaliOS.h */,
				6B4D54FD1E15F0E900BF47C3 /* Info.plist */,
			);
			path = "Dimensional-iOS";
			sourceTree = "<group>";
		};
/* End PBXGroup section */

/* Begin PBXHeadersBuildPhase section */
		4D59D53B1C3C757D00058827 /* Headers */ = {
			isa = PBXHeadersBuildPhase;
			buildActionMask = 2147483647;
			files = (
			);
			runOnlyForDeploymentPostprocessing = 0;
		};
		6B4D54F71E15F0E900BF47C3 /* Headers */ = {
			isa = PBXHeadersBuildPhase;
			buildActionMask = 2147483647;
			files = (
				6B4D54FE1E15F0E900BF47C3 /* DimensionaliOS.h in Headers */,
			);
			runOnlyForDeploymentPostprocessing = 0;
		};
/* End PBXHeadersBuildPhase section */

/* Begin PBXNativeTarget section */
		4D59D53D1C3C757D00058827 /* Dimensional */ = {
			isa = PBXNativeTarget;
			buildConfigurationList = 4D59D5521C3C757D00058827 /* Build configuration list for PBXNativeTarget "Dimensional" */;
			buildPhases = (
				4D59D5391C3C757D00058827 /* Sources */,
				4D59D53A1C3C757D00058827 /* Frameworks */,
				4D59D53B1C3C757D00058827 /* Headers */,
				4D59D53C1C3C757D00058827 /* Resources */,
			);
			buildRules = (
			);
			dependencies = (
			);
			name = Dimensional;
			productName = Dimensional;
			productReference = 4D59D53E1C3C757D00058827 /* Dimensional.framework */;
			productType = "com.apple.product-type.framework";
		};
		4D59D5471C3C757D00058827 /* DimensionalTests */ = {
			isa = PBXNativeTarget;
			buildConfigurationList = 4D59D5551C3C757D00058827 /* Build configuration list for PBXNativeTarget "DimensionalTests" */;
			buildPhases = (
				4D59D5441C3C757D00058827 /* Sources */,
				4D59D5451C3C757D00058827 /* Frameworks */,
				4D59D5461C3C757D00058827 /* Resources */,
			);
			buildRules = (
			);
			dependencies = (
				4D59D54B1C3C757D00058827 /* PBXTargetDependency */,
			);
			name = DimensionalTests;
			productName = DimensionalTests;
			productReference = 4D59D5481C3C757D00058827 /* DimensionalTests.xctest */;
			productType = "com.apple.product-type.bundle.unit-test";
		};
		6B4D54F91E15F0E900BF47C3 /* Dimensional-iOS */ = {
			isa = PBXNativeTarget;
			buildConfigurationList = 6B4D55011E15F0E900BF47C3 /* Build configuration list for PBXNativeTarget "Dimensional-iOS" */;
			buildPhases = (
				6B4D54F51E15F0E900BF47C3 /* Sources */,
				6B4D54F61E15F0E900BF47C3 /* Frameworks */,
				6B4D54F71E15F0E900BF47C3 /* Headers */,
				6B4D54F81E15F0E900BF47C3 /* Resources */,
			);
			buildRules = (
			);
			dependencies = (
			);
			name = "Dimensional-iOS";
			productName = "Dimensional-iOS";
			productReference = 6B4D54FA1E15F0E900BF47C3 /* DimensionaliOS.framework */;
			productType = "com.apple.product-type.framework";
		};
/* End PBXNativeTarget section */

/* Begin PBXProject section */
		4D59D5351C3C757D00058827 /* Project object */ = {
			isa = PBXProject;
			attributes = {
				LastSwiftUpdateCheck = 0720;
				LastUpgradeCheck = 0900;
				ORGANIZATIONNAME = "Jaden Geller";
				TargetAttributes = {
					4D59D53D1C3C757D00058827 = {
						CreatedOnToolsVersion = 7.2;
						LastSwiftMigration = 0900;
					};
					4D59D5471C3C757D00058827 = {
						CreatedOnToolsVersion = 7.2;
						LastSwiftMigration = 0900;
					};
					6B4D54F91E15F0E900BF47C3 = {
						CreatedOnToolsVersion = 8.2.1;
						DevelopmentTeam = T85LZ63RYP;
						ProvisioningStyle = Automatic;
					};
				};
			};
			buildConfigurationList = 4D59D5381C3C757D00058827 /* Build configuration list for PBXProject "Dimensional" */;
			compatibilityVersion = "Xcode 3.2";
			developmentRegion = English;
			hasScannedForEncodings = 0;
			knownRegions = (
				en,
			);
			mainGroup = 4D59D5341C3C757D00058827;
			productRefGroup = 4D59D53F1C3C757D00058827 /* Products */;
			projectDirPath = "";
			projectRoot = "";
			targets = (
				4D59D53D1C3C757D00058827 /* Dimensional */,
				4D59D5471C3C757D00058827 /* DimensionalTests */,
				6B4D54F91E15F0E900BF47C3 /* Dimensional-iOS */,
			);
		};
/* End PBXProject section */

/* Begin PBXResourcesBuildPhase section */
		4D59D53C1C3C757D00058827 /* Resources */ = {
			isa = PBXResourcesBuildPhase;
			buildActionMask = 2147483647;
			files = (
			);
			runOnlyForDeploymentPostprocessing = 0;
		};
		4D59D5461C3C757D00058827 /* Resources */ = {
			isa = PBXResourcesBuildPhase;
			buildActionMask = 2147483647;
			files = (
			);
			runOnlyForDeploymentPostprocessing = 0;
		};
		6B4D54F81E15F0E900BF47C3 /* Resources */ = {
			isa = PBXResourcesBuildPhase;
			buildActionMask = 2147483647;
			files = (
			);
			runOnlyForDeploymentPostprocessing = 0;
		};
/* End PBXResourcesBuildPhase section */

/* Begin PBXSourcesBuildPhase section */
		4D59D5391C3C757D00058827 /* Sources */ = {
			isa = PBXSourcesBuildPhase;
			buildActionMask = 2147483647;
			files = (
				4D8157C01C3CCF3B00228F7B /* ColumnView.swift in Sources */,
				4DB2D57A1C3D3CA1005AA39B /* RowView.swift in Sources */,
				6BED3EA21E39783200D396CF /* Vector.swift in Sources */,
				4D8157C61C3D181A00228F7B /* NumericArithmeticType.swift in Sources */,
				4D59D5591C3C75A100058827 /* Matrix.swift in Sources */,
			);
			runOnlyForDeploymentPostprocessing = 0;
		};
		4D59D5441C3C757D00058827 /* Sources */ = {
			isa = PBXSourcesBuildPhase;
			buildActionMask = 2147483647;
			files = (
				4D59D54E1C3C757D00058827 /* DimensionalTests.swift in Sources */,
			);
			runOnlyForDeploymentPostprocessing = 0;
		};
		6B4D54F51E15F0E900BF47C3 /* Sources */ = {
			isa = PBXSourcesBuildPhase;
			buildActionMask = 2147483647;
			files = (
				6B4D55031E15F60C00BF47C3 /* ColumnView.swift in Sources */,
				6B4D55051E15F61300BF47C3 /* NumericArithmeticType.swift in Sources */,
				6BED3EA31E39783200D396CF /* Vector.swift in Sources */,
				6B4D55041E15F61000BF47C3 /* RowView.swift in Sources */,
				6B4D55021E15F60900BF47C3 /* Matrix.swift in Sources */,
			);
			runOnlyForDeploymentPostprocessing = 0;
		};
/* End PBXSourcesBuildPhase section */

/* Begin PBXTargetDependency section */
		4D59D54B1C3C757D00058827 /* PBXTargetDependency */ = {
			isa = PBXTargetDependency;
			target = 4D59D53D1C3C757D00058827 /* Dimensional */;
			targetProxy = 4D59D54A1C3C757D00058827 /* PBXContainerItemProxy */;
		};
/* End PBXTargetDependency section */

/* Begin XCBuildConfiguration section */
		4D59D5501C3C757D00058827 /* Debug */ = {
			isa = XCBuildConfiguration;
			buildSettings = {
				ALWAYS_SEARCH_USER_PATHS = NO;
				CLANG_CXX_LANGUAGE_STANDARD = "gnu++0x";
				CLANG_CXX_LIBRARY = "libc++";
				CLANG_ENABLE_MODULES = YES;
				CLANG_ENABLE_OBJC_ARC = YES;
				CLANG_WARN_BLOCK_CAPTURE_AUTORELEASING = YES;
				CLANG_WARN_BOOL_CONVERSION = YES;
				CLANG_WARN_COMMA = YES;
				CLANG_WARN_CONSTANT_CONVERSION = YES;
				CLANG_WARN_DIRECT_OBJC_ISA_USAGE = YES_ERROR;
				CLANG_WARN_EMPTY_BODY = YES;
				CLANG_WARN_ENUM_CONVERSION = YES;
				CLANG_WARN_INFINITE_RECURSION = YES;
				CLANG_WARN_INT_CONVERSION = YES;
				CLANG_WARN_NON_LITERAL_NULL_CONVERSION = YES;
				CLANG_WARN_OBJC_LITERAL_CONVERSION = YES;
				CLANG_WARN_OBJC_ROOT_CLASS = YES_ERROR;
				CLANG_WARN_RANGE_LOOP_ANALYSIS = YES;
				CLANG_WARN_STRICT_PROTOTYPES = YES;
				CLANG_WARN_SUSPICIOUS_MOVE = YES;
				CLANG_WARN_UNREACHABLE_CODE = YES;
				CLANG_WARN__DUPLICATE_METHOD_MATCH = YES;
				CODE_SIGN_IDENTITY = "-";
				COPY_PHASE_STRIP = NO;
				CURRENT_PROJECT_VERSION = 1;
				DEBUG_INFORMATION_FORMAT = dwarf;
				ENABLE_STRICT_OBJC_MSGSEND = YES;
				ENABLE_TESTABILITY = YES;
				GCC_C_LANGUAGE_STANDARD = gnu99;
				GCC_DYNAMIC_NO_PIC = NO;
				GCC_NO_COMMON_BLOCKS = YES;
				GCC_OPTIMIZATION_LEVEL = 0;
				GCC_PREPROCESSOR_DEFINITIONS = (
					"DEBUG=1",
					"$(inherited)",
				);
				GCC_WARN_64_TO_32_BIT_CONVERSION = YES;
				GCC_WARN_ABOUT_RETURN_TYPE = YES_ERROR;
				GCC_WARN_UNDECLARED_SELECTOR = YES;
				GCC_WARN_UNINITIALIZED_AUTOS = YES_AGGRESSIVE;
				GCC_WARN_UNUSED_FUNCTION = YES;
				GCC_WARN_UNUSED_VARIABLE = YES;
				IPHONEOS_DEPLOYMENT_TARGET = 10.2;
				MACOSX_DEPLOYMENT_TARGET = 10.11;
				MTL_ENABLE_DEBUG_INFO = YES;
				ONLY_ACTIVE_ARCH = YES;
				SDKROOT = macosx;
				SWIFT_OPTIMIZATION_LEVEL = "-Onone";
				VERSIONING_SYSTEM = "apple-generic";
				VERSION_INFO_PREFIX = "";
			};
			name = Debug;
		};
		4D59D5511C3C757D00058827 /* Release */ = {
			isa = XCBuildConfiguration;
			buildSettings = {
				ALWAYS_SEARCH_USER_PATHS = NO;
				CLANG_CXX_LANGUAGE_STANDARD = "gnu++0x";
				CLANG_CXX_LIBRARY = "libc++";
				CLANG_ENABLE_MODULES = YES;
				CLANG_ENABLE_OBJC_ARC = YES;
				CLANG_WARN_BLOCK_CAPTURE_AUTORELEASING = YES;
				CLANG_WARN_BOOL_CONVERSION = YES;
				CLANG_WARN_COMMA = YES;
				CLANG_WARN_CONSTANT_CONVERSION = YES;
				CLANG_WARN_DIRECT_OBJC_ISA_USAGE = YES_ERROR;
				CLANG_WARN_EMPTY_BODY = YES;
				CLANG_WARN_ENUM_CONVERSION = YES;
				CLANG_WARN_INFINITE_RECURSION = YES;
				CLANG_WARN_INT_CONVERSION = YES;
				CLANG_WARN_NON_LITERAL_NULL_CONVERSION = YES;
				CLANG_WARN_OBJC_LITERAL_CONVERSION = YES;
				CLANG_WARN_OBJC_ROOT_CLASS = YES_ERROR;
				CLANG_WARN_RANGE_LOOP_ANALYSIS = YES;
				CLANG_WARN_STRICT_PROTOTYPES = YES;
				CLANG_WARN_SUSPICIOUS_MOVE = YES;
				CLANG_WARN_UNREACHABLE_CODE = YES;
				CLANG_WARN__DUPLICATE_METHOD_MATCH = YES;
				CODE_SIGN_IDENTITY = "-";
				COPY_PHASE_STRIP = NO;
				CURRENT_PROJECT_VERSION = 1;
				DEBUG_INFORMATION_FORMAT = "dwarf-with-dsym";
				ENABLE_NS_ASSERTIONS = NO;
				ENABLE_STRICT_OBJC_MSGSEND = YES;
				GCC_C_LANGUAGE_STANDARD = gnu99;
				GCC_NO_COMMON_BLOCKS = YES;
				GCC_WARN_64_TO_32_BIT_CONVERSION = YES;
				GCC_WARN_ABOUT_RETURN_TYPE = YES_ERROR;
				GCC_WARN_UNDECLARED_SELECTOR = YES;
				GCC_WARN_UNINITIALIZED_AUTOS = YES_AGGRESSIVE;
				GCC_WARN_UNUSED_FUNCTION = YES;
				GCC_WARN_UNUSED_VARIABLE = YES;
				IPHONEOS_DEPLOYMENT_TARGET = 10.2;
				MACOSX_DEPLOYMENT_TARGET = 10.11;
				MTL_ENABLE_DEBUG_INFO = NO;
				SDKROOT = macosx;
				SWIFT_OPTIMIZATION_LEVEL = "-Owholemodule";
				VERSIONING_SYSTEM = "apple-generic";
				VERSION_INFO_PREFIX = "";
			};
			name = Release;
		};
		4D59D5531C3C757D00058827 /* Debug */ = {
			isa = XCBuildConfiguration;
			buildSettings = {
				CLANG_ENABLE_MODULES = YES;
				COMBINE_HIDPI_IMAGES = YES;
				DEFINES_MODULE = YES;
				DYLIB_COMPATIBILITY_VERSION = 1;
				DYLIB_CURRENT_VERSION = 1;
				DYLIB_INSTALL_NAME_BASE = "@rpath";
				FRAMEWORK_VERSION = A;
				INFOPLIST_FILE = Dimensional/Info.plist;
				INSTALL_PATH = "$(LOCAL_LIBRARY_DIR)/Frameworks";
				LD_RUNPATH_SEARCH_PATHS = "$(inherited) @executable_path/../Frameworks @loader_path/Frameworks";
				PRODUCT_BUNDLE_IDENTIFIER = com.JadenGeller.Dimensional;
				PRODUCT_NAME = "$(TARGET_NAME)";
				SKIP_INSTALL = YES;
				SWIFT_OPTIMIZATION_LEVEL = "-Onone";
				SWIFT_SWIFT3_OBJC_INFERENCE = Default;
				SWIFT_VERSION = 4.0;
			};
			name = Debug;
		};
		4D59D5541C3C757D00058827 /* Release */ = {
			isa = XCBuildConfiguration;
			buildSettings = {
				CLANG_ENABLE_MODULES = YES;
				COMBINE_HIDPI_IMAGES = YES;
				DEFINES_MODULE = YES;
				DYLIB_COMPATIBILITY_VERSION = 1;
				DYLIB_CURRENT_VERSION = 1;
				DYLIB_INSTALL_NAME_BASE = "@rpath";
				FRAMEWORK_VERSION = A;
				INFOPLIST_FILE = Dimensional/Info.plist;
				INSTALL_PATH = "$(LOCAL_LIBRARY_DIR)/Frameworks";
				LD_RUNPATH_SEARCH_PATHS = "$(inherited) @executable_path/../Frameworks @loader_path/Frameworks";
				PRODUCT_BUNDLE_IDENTIFIER = com.JadenGeller.Dimensional;
				PRODUCT_NAME = "$(TARGET_NAME)";
				SKIP_INSTALL = YES;
				SWIFT_SWIFT3_OBJC_INFERENCE = Default;
				SWIFT_VERSION = 4.0;
			};
			name = Release;
		};
		4D59D5561C3C757D00058827 /* Debug */ = {
			isa = XCBuildConfiguration;
			buildSettings = {
				COMBINE_HIDPI_IMAGES = YES;
				INFOPLIST_FILE = DimensionalTests/Info.plist;
				LD_RUNPATH_SEARCH_PATHS = "$(inherited) @executable_path/../Frameworks @loader_path/../Frameworks";
				PRODUCT_BUNDLE_IDENTIFIER = com.JadenGeller.DimensionalTests;
				PRODUCT_NAME = "$(TARGET_NAME)";
				SWIFT_SWIFT3_OBJC_INFERENCE = Default;
				SWIFT_VERSION = 4.0;
			};
			name = Debug;
		};
		4D59D5571C3C757D00058827 /* Release */ = {
			isa = XCBuildConfiguration;
			buildSettings = {
				COMBINE_HIDPI_IMAGES = YES;
				INFOPLIST_FILE = DimensionalTests/Info.plist;
				LD_RUNPATH_SEARCH_PATHS = "$(inherited) @executable_path/../Frameworks @loader_path/../Frameworks";
				PRODUCT_BUNDLE_IDENTIFIER = com.JadenGeller.DimensionalTests;
				PRODUCT_NAME = "$(TARGET_NAME)";
				SWIFT_SWIFT3_OBJC_INFERENCE = Default;
				SWIFT_VERSION = 4.0;
			};
			name = Release;
		};
		6B4D54FF1E15F0E900BF47C3 /* Debug */ = {
			isa = XCBuildConfiguration;
			buildSettings = {
				CLANG_ANALYZER_NONNULL = YES;
				CLANG_WARN_DOCUMENTATION_COMMENTS = YES;
				CODE_SIGN_IDENTITY = "";
				"CODE_SIGN_IDENTITY[sdk=iphoneos*]" = "";
				DEFINES_MODULE = YES;
				DEVELOPMENT_TEAM = T85LZ63RYP;
				DYLIB_COMPATIBILITY_VERSION = 1;
				DYLIB_CURRENT_VERSION = 1;
				DYLIB_INSTALL_NAME_BASE = "@rpath";
				INFOPLIST_FILE = "Dimensional-iOS/Info.plist";
				INSTALL_PATH = "$(LOCAL_LIBRARY_DIR)/Frameworks";
				IPHONEOS_DEPLOYMENT_TARGET = 10.2;
				LD_RUNPATH_SEARCH_PATHS = "$(inherited) @executable_path/Frameworks @loader_path/Frameworks";
				PRODUCT_BUNDLE_IDENTIFIER = "com.jrhowell.Dimensional-iOS";
				PRODUCT_NAME = DimensionaliOS;
				SDKROOT = iphoneos;
				SKIP_INSTALL = YES;
				SWIFT_ACTIVE_COMPILATION_CONDITIONS = DEBUG;
				SWIFT_VERSION = 3.0;
				TARGETED_DEVICE_FAMILY = "1,2";
			};
			name = Debug;
		};
		6B4D55001E15F0E900BF47C3 /* Release */ = {
			isa = XCBuildConfiguration;
			buildSettings = {
				CLANG_ANALYZER_NONNULL = YES;
				CLANG_WARN_DOCUMENTATION_COMMENTS = YES;
				CODE_SIGN_IDENTITY = "";
				"CODE_SIGN_IDENTITY[sdk=iphoneos*]" = "";
				DEFINES_MODULE = YES;
				DEVELOPMENT_TEAM = T85LZ63RYP;
				DYLIB_COMPATIBILITY_VERSION = 1;
				DYLIB_CURRENT_VERSION = 1;
				DYLIB_INSTALL_NAME_BASE = "@rpath";
				INFOPLIST_FILE = "Dimensional-iOS/Info.plist";
				INSTALL_PATH = "$(LOCAL_LIBRARY_DIR)/Frameworks";
				IPHONEOS_DEPLOYMENT_TARGET = 10.2;
				LD_RUNPATH_SEARCH_PATHS = "$(inherited) @executable_path/Frameworks @loader_path/Frameworks";
				PRODUCT_BUNDLE_IDENTIFIER = "com.jrhowell.Dimensional-iOS";
				PRODUCT_NAME = DimensionaliOS;
				SDKROOT = iphoneos;
				SKIP_INSTALL = YES;
				SWIFT_VERSION = 3.0;
				TARGETED_DEVICE_FAMILY = "1,2";
				VALIDATE_PRODUCT = YES;
			};
			name = Release;
		};
/* End XCBuildConfiguration section */

/* Begin XCConfigurationList section */
		4D59D5381C3C757D00058827 /* Build configuration list for PBXProject "Dimensional" */ = {
			isa = XCConfigurationList;
			buildConfigurations = (
				4D59D5501C3C757D00058827 /* Debug */,
				4D59D5511C3C757D00058827 /* Release */,
			);
			defaultConfigurationIsVisible = 0;
			defaultConfigurationName = Release;
		};
		4D59D5521C3C757D00058827 /* Build configuration list for PBXNativeTarget "Dimensional" */ = {
			isa = XCConfigurationList;
			buildConfigurations = (
				4D59D5531C3C757D00058827 /* Debug */,
				4D59D5541C3C757D00058827 /* Release */,
			);
			defaultConfigurationIsVisible = 0;
			defaultConfigurationName = Release;
		};
		4D59D5551C3C757D00058827 /* Build configuration list for PBXNativeTarget "DimensionalTests" */ = {
			isa = XCConfigurationList;
			buildConfigurations = (
				4D59D5561C3C757D00058827 /* Debug */,
				4D59D5571C3C757D00058827 /* Release */,
			);
			defaultConfigurationIsVisible = 0;
			defaultConfigurationName = Release;
		};
		6B4D55011E15F0E900BF47C3 /* Build configuration list for PBXNativeTarget "Dimensional-iOS" */ = {
			isa = XCConfigurationList;
			buildConfigurations = (
				6B4D54FF1E15F0E900BF47C3 /* Debug */,
				6B4D55001E15F0E900BF47C3 /* Release */,
			);
			defaultConfigurationIsVisible = 0;
			defaultConfigurationName = Release;
		};
/* End XCConfigurationList section */
	};
	rootObject = 4D59D5351C3C757D00058827 /* Project object */;
}
